{
  "nodes": {
    "home-manager": {
      "inputs": {
        "nixpkgs": [
          "nixpkgs"
        ]
      },
      "locked": {
        "lastModified": 1764476580,
        "narHash": "sha256-VctwqiLKYh8ciw3ePh4vSlP8SFX7cPrhI0uSWhBNQFA=",
        "owner": "nix-community",
        "repo": "home-manager",
        "rev": "fa5e31026763a4fafc3b02ad34a937e1c5ada649",
        "type": "github"
      },
      "original": {
        "owner": "nix-community",
        "ref": "update/release-25.11",
        "repo": "home-manager",
        "type": "github"
      }
    },
    "nixpkgs": {
      "locked": {
        "lastModified": 1764406085,
        "narHash": "sha256-CYbMp8hwuOf4umokSNp+t1s4Hjd4vxXq4S5CD+xvgNs=",
        "owner": "nixos",
        "repo": "nixpkgs",
        "rev": "9561691c9f450fad7c3526916e1c4f44be0d1192",
        "type": "github"
      },
      "original": {
        "owner": "nixos",
        "ref": "nixos-25.11",
        "repo": "nixpkgs",
        "type": "github"
      }
    },
    "root": {
      "inputs": {
        "home-manager": "home-manager",
        "nixpkgs": "nixpkgs"
      }
    }
  },
  "root": "root",
  "version": 7
}
